
Microsoft Visual Studio Solution File, Format Version 12.00
# Visual Studio Version 17
VisualStudioVersion = 17.6.33829.357
MinimumVisualStudioVersion = 10.0.40219.1
Project("{FAE04EC0-301F-11D3-BF4B-00C04F79EFBC}") = "BlazorApp1", "BlazorApp1\BlazorApp1.csproj", "{8AF32C24-5551-467A-8776-827E60151102}"
EndProject
Global
	GlobalSection(SolutionConfigurationPlatforms) = preSolution
		Debug|Any CPU = Debug|Any CPU
		Release|Any CPU = Release|Any CPU
	EndGlobalSection
	GlobalSection(ProjectConfigurationPlatforms) = postSolution
		{8AF32C24-5551-467A-8776-827E60151102}.Debug|Any CPU.ActiveCfg = Debug|Any CPU
		{8AF32C24-5551-467A-8776-827E60151102}.Debug|Any CPU.Build.0 = Debug|Any CPU
		{8AF32C24-5551-467A-8776-827E60151102}.Release|Any CPU.ActiveCfg = Release|Any CPU
		{8AF32C24-5551-467A-8776-827E60151102}.Release|Any CPU.Build.0 = Release|Any CPU
	EndGlobalSection
	GlobalSection(SolutionProperties) = preSolution
		HideSolutionNode = FALSE
	EndGlobalSection
	GlobalSection(ExtensibilityGlobals) = postSolution
		SolutionGuid = {785BE95A-E9C6-4151-8EB7-0E277C49DCF2}
	EndGlobalSection
EndGlobal
